
Microsoft Visual Studio Solution File, Format Version 12.00
# Visual Studio Version 16
VisualStudioVersion = 16.0.29806.167
MinimumVisualStudioVersion = 10.0.40219.1
Project("{FAE04EC0-301F-11D3-BF4B-00C04F79EFBC}") = "Books", "Assigment04\Books.csproj", "{878945B2-9DAF-4446-8BE3-B14CB2E863EF}"
EndProject
Project("{FAE04EC0-301F-11D3-BF4B-00C04F79EFBC}") = "Ex1", "Ex1\Ex1.csproj", "{6F87EF99-C65C-477A-BEEA-2C5ABF37F14F}"
EndProject
Project("{FAE04EC0-301F-11D3-BF4B-00C04F79EFBC}") = "Players", "Players\Players.csproj", "{BB9E1E60-1F59-4F1C-9CA2-B09E78EADD77}"
EndProject
Project("{FAE04EC0-301F-11D3-BF4B-00C04F79EFBC}") = "BaseBall Display App", "BaseBall Display App\BaseBall Display App.csproj", "{439A6988-C870-44FF-8CF5-E34FCA72DF19}"
EndProject
Global
	GlobalSection(SolutionConfigurationPlatforms) = preSolution
		Debug|Any CPU = Debug|Any CPU
		Release|Any CPU = Release|Any CPU
	EndGlobalSection
	GlobalSection(ProjectConfigurationPlatforms) = postSolution
		{878945B2-9DAF-4446-8BE3-B14CB2E863EF}.Debug|Any CPU.ActiveCfg = Debug|Any CPU
		{878945B2-9DAF-4446-8BE3-B14CB2E863EF}.Debug|Any CPU.Build.0 = Debug|Any CPU
		{878945B2-9DAF-4446-8BE3-B14CB2E863EF}.Release|Any CPU.ActiveCfg = Release|Any CPU
		{878945B2-9DAF-4446-8BE3-B14CB2E863EF}.Release|Any CPU.Build.0 = Release|Any CPU
		{6F87EF99-C65C-477A-BEEA-2C5ABF37F14F}.Debug|Any CPU.ActiveCfg = Debug|Any CPU
		{6F87EF99-C65C-477A-BEEA-2C5ABF37F14F}.Debug|Any CPU.Build.0 = Debug|Any CPU
		{6F87EF99-C65C-477A-BEEA-2C5ABF37F14F}.Release|Any CPU.ActiveCfg = Release|Any CPU
		{6F87EF99-C65C-477A-BEEA-2C5ABF37F14F}.Release|Any CPU.Build.0 = Release|Any CPU
		{BB9E1E60-1F59-4F1C-9CA2-B09E78EADD77}.Debug|Any CPU.ActiveCfg = Debug|Any CPU
		{BB9E1E60-1F59-4F1C-9CA2-B09E78EADD77}.Debug|Any CPU.Build.0 = Debug|Any CPU
		{BB9E1E60-1F59-4F1C-9CA2-B09E78EADD77}.Release|Any CPU.ActiveCfg = Release|Any CPU
		{BB9E1E60-1F59-4F1C-9CA2-B09E78EADD77}.Release|Any CPU.Build.0 = Release|Any CPU
		{439A6988-C870-44FF-8CF5-E34FCA72DF19}.Debug|Any CPU.ActiveCfg = Debug|Any CPU
		{439A6988-C870-44FF-8CF5-E34FCA72DF19}.Debug|Any CPU.Build.0 = Debug|Any CPU
		{439A6988-C870-44FF-8CF5-E34FCA72DF19}.Release|Any CPU.ActiveCfg = Release|Any CPU
		{439A6988-C870-44FF-8CF5-E34FCA72DF19}.Release|Any CPU.Build.0 = Release|Any CPU
	EndGlobalSection
	GlobalSection(SolutionProperties) = preSolution
		HideSolutionNode = FALSE
	EndGlobalSection
	GlobalSection(ExtensibilityGlobals) = postSolution
		SolutionGuid = {EF2573D7-4797-4E8E-886E-8E3B3D1382A8}
	EndGlobalSection
EndGlobal
