
Microsoft Visual Studio Solution File, Format Version 12.00
# Visual Studio Version 16
VisualStudioVersion = 16.0.29709.97
MinimumVisualStudioVersion = 10.0.40219.1
Project("{FAE04EC0-301F-11D3-BF4B-00C04F79EFBC}") = "DucDang_Sec003_Assigment02", "DucDang_Sec003_Assigment02\DucDang_Sec003_Assigment02.csproj", "{163CB5D1-176E-498D-8A4A-341B4337D0E6}"
EndProject
Global
	GlobalSection(SolutionConfigurationPlatforms) = preSolution
		Debug|Any CPU = Debug|Any CPU
		Release|Any CPU = Release|Any CPU
	EndGlobalSection
	GlobalSection(ProjectConfigurationPlatforms) = postSolution
		{163CB5D1-176E-498D-8A4A-341B4337D0E6}.Debug|Any CPU.ActiveCfg = Debug|Any CPU
		{163CB5D1-176E-498D-8A4A-341B4337D0E6}.Debug|Any CPU.Build.0 = Debug|Any CPU
		{163CB5D1-176E-498D-8A4A-341B4337D0E6}.Release|Any CPU.ActiveCfg = Release|Any CPU
		{163CB5D1-176E-498D-8A4A-341B4337D0E6}.Release|Any CPU.Build.0 = Release|Any CPU
	EndGlobalSection
	GlobalSection(SolutionProperties) = preSolution
		HideSolutionNode = FALSE
	EndGlobalSection
	GlobalSection(ExtensibilityGlobals) = postSolution
		SolutionGuid = {9A8A967B-AF64-4306-8E70-0D1430B98BAD}
	EndGlobalSection
EndGlobal
